// !$*UTF8*$!
{
	archiveVersion = 1;
	classes = {
	};
	objectVersion = 55;
	objects = {

/* Begin PBXBuildFile section */
		753A009F2893971600186F91 /* PushViewController.swift in Sources */ = {isa = PBXBuildFile; fileRef = 753A009E2893971600186F91 /* PushViewController.swift */; };
		7547FCEE287FECA700A8FA9A /* AppDelegate.swift in Sources */ = {isa = PBXBuildFile; fileRef = 7547FCED287FECA700A8FA9A /* AppDelegate.swift */; };
		7547FCF0287FECA700A8FA9A /* SceneDelegate.swift in Sources */ = {isa = PBXBuildFile; fileRef = 7547FCEF287FECA700A8FA9A /* SceneDelegate.swift */; };
		7547FCF2287FECA700A8FA9A /* ViewController.swift in Sources */ = {isa = PBXBuildFile; fileRef = 7547FCF1287FECA700A8FA9A /* ViewController.swift */; };
		7547FCF5287FECA700A8FA9A /* Main.storyboard in Resources */ = {isa = PBXBuildFile; fileRef = 7547FCF3287FECA700A8FA9A /* Main.storyboard */; };
		7547FCF7287FECA800A8FA9A /* Assets.xcassets in Resources */ = {isa = PBXBuildFile; fileRef = 7547FCF6287FECA800A8FA9A /* Assets.xcassets */; };
		7547FCFA287FECA800A8FA9A /* LaunchScreen.storyboard in Resources */ = {isa = PBXBuildFile; fileRef = 7547FCF8287FECA800A8FA9A /* LaunchScreen.storyboard */; };
		7547FD08287FF58500A8FA9A /* .swiftlint.yml in Resources */ = {isa = PBXBuildFile; fileRef = 7547FD07287FF58500A8FA9A /* .swiftlint.yml */; };
		7547FD0A287FF66700A8FA9A /* .gitignore in Resources */ = {isa = PBXBuildFile; fileRef = 7547FD09287FF66700A8FA9A /* .gitignore */; };
		7547FD0C287FF70F00A8FA9A /* .gitattributes in Resources */ = {isa = PBXBuildFile; fileRef = 7547FD0B287FF70F00A8FA9A /* .gitattributes */; };
		75C0EA3228910BD700A0C213 /* WebViewController.swift in Sources */ = {isa = PBXBuildFile; fileRef = 75C0EA3128910BD700A0C213 /* WebViewController.swift */; };
		758718FE28938E990051DB1E /* WeatherTVC.swift in Sources */ = {isa = PBXBuildFile; fileRef = 758718FD28938E990051DB1E /* WeatherTVC.swift */; };
		75C0EA3228910BD700A0C213 /* WebViewController.swift in Sources */ = {isa = PBXBuildFile; fileRef = 75C0EA3128910BD700A0C213 /* WebViewController.swift */; };
		75C0EA3428926B6B00A0C213 /* WeatherNotification.storyboard in Resources */ = {isa = PBXBuildFile; fileRef = 75C0EA3328926B6B00A0C213 /* WeatherNotification.storyboard */; };
		790F255F2891315B00054B54 /* Timer.storyboard in Resources */ = {isa = PBXBuildFile; fileRef = 790F255E2891315B00054B54 /* Timer.storyboard */; };
		790F25612891317A00054B54 /* TimerViewController.swift in Sources */ = {isa = PBXBuildFile; fileRef = 790F25602891317A00054B54 /* TimerViewController.swift */; };
		7928591F28919D1E0054683A /* TimerButton.swift in Sources */ = {isa = PBXBuildFile; fileRef = 7928591E28919D1E0054683A /* TimerButton.swift */; };
		79E3A355289274D5009FD5EF /* FirebaseAuth in Frameworks */ = {isa = PBXBuildFile; productRef = 79E3A354289274D5009FD5EF /* FirebaseAuth */; };
		D4B11B4E2896AC4B005F75BA /* Interface.storyboard in Resources */ = {isa = PBXBuildFile; fileRef = D4B11B4C2896AC4B005F75BA /* Interface.storyboard */; };
		D4B11B502896AC4C005F75BA /* Assets.xcassets in Resources */ = {isa = PBXBuildFile; fileRef = D4B11B4F2896AC4C005F75BA /* Assets.xcassets */; };
		D4B11B562896AC4C005F75BA /* shakaWatch WatchKit Extension.appex in Embed App Extensions */ = {isa = PBXBuildFile; fileRef = D4B11B552896AC4C005F75BA /* shakaWatch WatchKit Extension.appex */; settings = {ATTRIBUTES = (RemoveHeadersOnCopy, ); }; };
		D4B11B5B2896AC4C005F75BA /* InterfaceController.swift in Sources */ = {isa = PBXBuildFile; fileRef = D4B11B5A2896AC4C005F75BA /* InterfaceController.swift */; };
		D4B11B5D2896AC4C005F75BA /* ExtensionDelegate.swift in Sources */ = {isa = PBXBuildFile; fileRef = D4B11B5C2896AC4C005F75BA /* ExtensionDelegate.swift */; };
		D4B11B5F2896AC4C005F75BA /* NotificationController.swift in Sources */ = {isa = PBXBuildFile; fileRef = D4B11B5E2896AC4C005F75BA /* NotificationController.swift */; };
		D4B11B612896AC4C005F75BA /* ComplicationController.swift in Sources */ = {isa = PBXBuildFile; fileRef = D4B11B602896AC4C005F75BA /* ComplicationController.swift */; };
		D4B11B632896AC4D005F75BA /* Assets.xcassets in Resources */ = {isa = PBXBuildFile; fileRef = D4B11B622896AC4C005F75BA /* Assets.xcassets */; };
		D4B11B682896AC4D005F75BA /* shakaWatch.app in Embed Watch Content */ = {isa = PBXBuildFile; fileRef = D4B11B4A2896AC4B005F75BA /* shakaWatch.app */; settings = {ATTRIBUTES = (RemoveHeadersOnCopy, ); }; };
		EED801D02893BD6A006945A2 /* SurfRecord.storyboard in Resources */ = {isa = PBXBuildFile; fileRef = EED801CF2893BD6A006945A2 /* SurfRecord.storyboard */; };
		EED801D42893BE04006945A2 /* SurfDateCollectionViewCell.swift in Sources */ = {isa = PBXBuildFile; fileRef = EED801D32893BE04006945A2 /* SurfDateCollectionViewCell.swift */; };
		EED801D62893C186006945A2 /* ColorExtension.swift in Sources */ = {isa = PBXBuildFile; fileRef = EED801D52893C186006945A2 /* ColorExtension.swift */; };
		EED801E828941D41006945A2 /* SurfRecordViewController.swift in Sources */ = {isa = PBXBuildFile; fileRef = EED801E728941D41006945A2 /* SurfRecordViewController.swift */; };
		EED801EA28942468006945A2 /* SurfRecordData.swift in Sources */ = {isa = PBXBuildFile; fileRef = EED801E928942468006945A2 /* SurfRecordData.swift */; };
		EED801EC28942C80006945A2 /* MockData.swift in Sources */ = {isa = PBXBuildFile; fileRef = EED801EB28942C80006945A2 /* MockData.swift */; };
		EEE91EB528979C1500449283 /* GoogleService-Info.plist in Resources */ = {isa = PBXBuildFile; fileRef = EEE91EB428979C1500449283 /* GoogleService-Info.plist */; };
		F940EE40288FB2A70090F733 /* FirebaseAuth in Frameworks */ = {isa = PBXBuildFile; productRef = F940EE3F288FB2A70090F733 /* FirebaseAuth */; };
		F940EE42288FB7A50090F733 /* SignupViewController.swift in Sources */ = {isa = PBXBuildFile; fileRef = F940EE41288FB7A50090F733 /* SignupViewController.swift */; };
		F940EE452891076D0090F733 /* User.swift in Sources */ = {isa = PBXBuildFile; fileRef = F940EE442891076D0090F733 /* User.swift */; };
		F940EE47289107DB0090F733 /* APIClient.swift in Sources */ = {isa = PBXBuildFile; fileRef = F940EE46289107DB0090F733 /* APIClient.swift */; };
		F940EE4A2892B2A30090F733 /* FirebaseMessaging in Frameworks */ = {isa = PBXBuildFile; productRef = F940EE492892B2A30090F733 /* FirebaseMessaging */; };
		F9A7E7F02889470E00EC6031 /* KeyChain.swift in Sources */ = {isa = PBXBuildFile; fileRef = F9A7E7EF2889470E00EC6031 /* KeyChain.swift */; };
		F9CB689928852C8E002723F2 /* Login.storyboard in Resources */ = {isa = PBXBuildFile; fileRef = F9CB689828852C8E002723F2 /* Login.storyboard */; };
		F9CB689B288533F1002723F2 /* LoginViewController.swift in Sources */ = {isa = PBXBuildFile; fileRef = F9CB689A288533F1002723F2 /* LoginViewController.swift */; };
/* End PBXBuildFile section */

/* Begin PBXContainerItemProxy section */
		D4B11B572896AC4C005F75BA /* PBXContainerItemProxy */ = {
			isa = PBXContainerItemProxy;
			containerPortal = 7547FCE2287FECA700A8FA9A /* Project object */;
			proxyType = 1;
			remoteGlobalIDString = D4B11B542896AC4C005F75BA;
			remoteInfo = "shakaWatch WatchKit Extension";
		};
		D4B11B662896AC4D005F75BA /* PBXContainerItemProxy */ = {
			isa = PBXContainerItemProxy;
			containerPortal = 7547FCE2287FECA700A8FA9A /* Project object */;
			proxyType = 1;
			remoteGlobalIDString = D4B11B492896AC4B005F75BA;
			remoteInfo = shakaWatch;
		};
/* End PBXContainerItemProxy section */

/* Begin PBXCopyFilesBuildPhase section */
		D4B11B692896AC4D005F75BA /* Embed Watch Content */ = {
			isa = PBXCopyFilesBuildPhase;
			buildActionMask = 2147483647;
			dstPath = "$(CONTENTS_FOLDER_PATH)/Watch";
			dstSubfolderSpec = 16;
			files = (
				D4B11B682896AC4D005F75BA /* shakaWatch.app in Embed Watch Content */,
			);
			name = "Embed Watch Content";
			runOnlyForDeploymentPostprocessing = 0;
		};
		D4B11B6C2896AC4D005F75BA /* Embed App Extensions */ = {
			isa = PBXCopyFilesBuildPhase;
			buildActionMask = 2147483647;
			dstPath = "";
			dstSubfolderSpec = 13;
			files = (
				D4B11B562896AC4C005F75BA /* shakaWatch WatchKit Extension.appex in Embed App Extensions */,
			);
			name = "Embed App Extensions";
			runOnlyForDeploymentPostprocessing = 0;
		};
/* End PBXCopyFilesBuildPhase section */

/* Begin PBXFileReference section */
		753A009E2893971600186F91 /* PushViewController.swift */ = {isa = PBXFileReference; lastKnownFileType = sourcecode.swift; path = PushViewController.swift; sourceTree = "<group>"; };
		7547FCEA287FECA700A8FA9A /* shaka.app */ = {isa = PBXFileReference; explicitFileType = wrapper.application; includeInIndex = 0; path = shaka.app; sourceTree = BUILT_PRODUCTS_DIR; };
		7547FCED287FECA700A8FA9A /* AppDelegate.swift */ = {isa = PBXFileReference; lastKnownFileType = sourcecode.swift; path = AppDelegate.swift; sourceTree = "<group>"; };
		7547FCEF287FECA700A8FA9A /* SceneDelegate.swift */ = {isa = PBXFileReference; lastKnownFileType = sourcecode.swift; path = SceneDelegate.swift; sourceTree = "<group>"; };
		7547FCF1287FECA700A8FA9A /* ViewController.swift */ = {isa = PBXFileReference; lastKnownFileType = sourcecode.swift; path = ViewController.swift; sourceTree = "<group>"; };
		7547FCF4287FECA700A8FA9A /* Base */ = {isa = PBXFileReference; lastKnownFileType = file.storyboard; name = Base; path = Base.lproj/Main.storyboard; sourceTree = "<group>"; };
		7547FCF6287FECA800A8FA9A /* Assets.xcassets */ = {isa = PBXFileReference; lastKnownFileType = folder.assetcatalog; path = Assets.xcassets; sourceTree = "<group>"; };
		7547FCF9287FECA800A8FA9A /* Base */ = {isa = PBXFileReference; lastKnownFileType = file.storyboard; name = Base; path = Base.lproj/LaunchScreen.storyboard; sourceTree = "<group>"; };
		7547FCFB287FECA800A8FA9A /* Info.plist */ = {isa = PBXFileReference; lastKnownFileType = text.plist.xml; path = Info.plist; sourceTree = "<group>"; };
		7547FD07287FF58500A8FA9A /* .swiftlint.yml */ = {isa = PBXFileReference; lastKnownFileType = text.yaml; path = .swiftlint.yml; sourceTree = "<group>"; };
		7547FD09287FF66700A8FA9A /* .gitignore */ = {isa = PBXFileReference; lastKnownFileType = text; path = .gitignore; sourceTree = "<group>"; };
		7547FD0B287FF70F00A8FA9A /* .gitattributes */ = {isa = PBXFileReference; lastKnownFileType = text; path = .gitattributes; sourceTree = "<group>"; };
		75C0EA3128910BD700A0C213 /* WebViewController.swift */ = {isa = PBXFileReference; lastKnownFileType = sourcecode.swift; path = WebViewController.swift; sourceTree = "<group>"; };
		758718FD28938E990051DB1E /* WeatherTVC.swift */ = {isa = PBXFileReference; lastKnownFileType = sourcecode.swift; path = WeatherTVC.swift; sourceTree = "<group>"; };
		75C0EA3128910BD700A0C213 /* WebViewController.swift */ = {isa = PBXFileReference; lastKnownFileType = sourcecode.swift; path = WebViewController.swift; sourceTree = "<group>"; };
		75C0EA3328926B6B00A0C213 /* WeatherNotification.storyboard */ = {isa = PBXFileReference; lastKnownFileType = file.storyboard; path = WeatherNotification.storyboard; sourceTree = "<group>"; };
		790F255E2891315B00054B54 /* Timer.storyboard */ = {isa = PBXFileReference; lastKnownFileType = file.storyboard; path = Timer.storyboard; sourceTree = "<group>"; };
		790F25602891317A00054B54 /* TimerViewController.swift */ = {isa = PBXFileReference; lastKnownFileType = sourcecode.swift; path = TimerViewController.swift; sourceTree = "<group>"; };
		7928591E28919D1E0054683A /* TimerButton.swift */ = {isa = PBXFileReference; lastKnownFileType = sourcecode.swift; path = TimerButton.swift; sourceTree = "<group>"; };
		D4B11B4A2896AC4B005F75BA /* shakaWatch.app */ = {isa = PBXFileReference; explicitFileType = wrapper.application; includeInIndex = 0; path = shakaWatch.app; sourceTree = BUILT_PRODUCTS_DIR; };
		D4B11B4D2896AC4B005F75BA /* Base */ = {isa = PBXFileReference; lastKnownFileType = file.storyboard; name = Base; path = Base.lproj/Interface.storyboard; sourceTree = "<group>"; };
		D4B11B4F2896AC4C005F75BA /* Assets.xcassets */ = {isa = PBXFileReference; lastKnownFileType = folder.assetcatalog; path = Assets.xcassets; sourceTree = "<group>"; };
		D4B11B552896AC4C005F75BA /* shakaWatch WatchKit Extension.appex */ = {isa = PBXFileReference; explicitFileType = "wrapper.app-extension"; includeInIndex = 0; path = "shakaWatch WatchKit Extension.appex"; sourceTree = BUILT_PRODUCTS_DIR; };
		D4B11B5A2896AC4C005F75BA /* InterfaceController.swift */ = {isa = PBXFileReference; lastKnownFileType = sourcecode.swift; path = InterfaceController.swift; sourceTree = "<group>"; };
		D4B11B5C2896AC4C005F75BA /* ExtensionDelegate.swift */ = {isa = PBXFileReference; lastKnownFileType = sourcecode.swift; path = ExtensionDelegate.swift; sourceTree = "<group>"; };
		D4B11B5E2896AC4C005F75BA /* NotificationController.swift */ = {isa = PBXFileReference; lastKnownFileType = sourcecode.swift; path = NotificationController.swift; sourceTree = "<group>"; };
		D4B11B602896AC4C005F75BA /* ComplicationController.swift */ = {isa = PBXFileReference; lastKnownFileType = sourcecode.swift; path = ComplicationController.swift; sourceTree = "<group>"; };
		D4B11B622896AC4C005F75BA /* Assets.xcassets */ = {isa = PBXFileReference; lastKnownFileType = folder.assetcatalog; path = Assets.xcassets; sourceTree = "<group>"; };
		D4B11B642896AC4D005F75BA /* Info.plist */ = {isa = PBXFileReference; lastKnownFileType = text.plist.xml; path = Info.plist; sourceTree = "<group>"; };
		D4B11B652896AC4D005F75BA /* PushNotificationPayload.apns */ = {isa = PBXFileReference; lastKnownFileType = text; path = PushNotificationPayload.apns; sourceTree = "<group>"; };
		EED801CF2893BD6A006945A2 /* SurfRecord.storyboard */ = {isa = PBXFileReference; lastKnownFileType = file.storyboard; path = SurfRecord.storyboard; sourceTree = "<group>"; };
		EED801D32893BE04006945A2 /* SurfDateCollectionViewCell.swift */ = {isa = PBXFileReference; lastKnownFileType = sourcecode.swift; path = SurfDateCollectionViewCell.swift; sourceTree = "<group>"; };
		EED801D52893C186006945A2 /* ColorExtension.swift */ = {isa = PBXFileReference; lastKnownFileType = sourcecode.swift; path = ColorExtension.swift; sourceTree = "<group>"; };
		EED801E728941D41006945A2 /* SurfRecordViewController.swift */ = {isa = PBXFileReference; lastKnownFileType = sourcecode.swift; path = SurfRecordViewController.swift; sourceTree = "<group>"; };
		EED801E928942468006945A2 /* SurfRecordData.swift */ = {isa = PBXFileReference; lastKnownFileType = sourcecode.swift; path = SurfRecordData.swift; sourceTree = "<group>"; };
		EED801EB28942C80006945A2 /* MockData.swift */ = {isa = PBXFileReference; lastKnownFileType = sourcecode.swift; path = MockData.swift; sourceTree = "<group>"; };
		EEE91EB428979C1500449283 /* GoogleService-Info.plist */ = {isa = PBXFileReference; fileEncoding = 4; lastKnownFileType = text.plist.xml; path = "GoogleService-Info.plist"; sourceTree = "<group>"; };
		F940EE41288FB7A50090F733 /* SignupViewController.swift */ = {isa = PBXFileReference; lastKnownFileType = sourcecode.swift; path = SignupViewController.swift; sourceTree = "<group>"; };
		F940EE442891076D0090F733 /* User.swift */ = {isa = PBXFileReference; lastKnownFileType = sourcecode.swift; path = User.swift; sourceTree = "<group>"; };
		F940EE46289107DB0090F733 /* APIClient.swift */ = {isa = PBXFileReference; lastKnownFileType = sourcecode.swift; path = APIClient.swift; sourceTree = "<group>"; };
		F9A7E7EF2889470E00EC6031 /* KeyChain.swift */ = {isa = PBXFileReference; lastKnownFileType = sourcecode.swift; path = KeyChain.swift; sourceTree = "<group>"; };
		F9CB689828852C8E002723F2 /* Login.storyboard */ = {isa = PBXFileReference; lastKnownFileType = file.storyboard; path = Login.storyboard; sourceTree = "<group>"; };
		F9CB689A288533F1002723F2 /* LoginViewController.swift */ = {isa = PBXFileReference; lastKnownFileType = sourcecode.swift; path = LoginViewController.swift; sourceTree = "<group>"; };
		F9CB689C2885386E002723F2 /* shaka.entitlements */ = {isa = PBXFileReference; lastKnownFileType = text.plist.entitlements; path = shaka.entitlements; sourceTree = "<group>"; };
/* End PBXFileReference section */

/* Begin PBXFrameworksBuildPhase section */
		7547FCE7287FECA700A8FA9A /* Frameworks */ = {
			isa = PBXFrameworksBuildPhase;
			buildActionMask = 2147483647;
			files = (
				F940EE4A2892B2A30090F733 /* FirebaseMessaging in Frameworks */,
				F940EE40288FB2A70090F733 /* FirebaseAuth in Frameworks */,
				79E3A355289274D5009FD5EF /* FirebaseAuth in Frameworks */,
			);
			runOnlyForDeploymentPostprocessing = 0;
		};
		D4B11B522896AC4C005F75BA /* Frameworks */ = {
			isa = PBXFrameworksBuildPhase;
			buildActionMask = 2147483647;
			files = (
			);
			runOnlyForDeploymentPostprocessing = 0;
		};
/* End PBXFrameworksBuildPhase section */

/* Begin PBXGroup section */
		75095774288E8DAD00A82F64 /* View */ = {
			isa = PBXGroup;
			children = (
				7547FCF3287FECA700A8FA9A /* Main.storyboard */,
				75C0EA3328926B6B00A0C213 /* WeatherNotification.storyboard */,
				F9CB689828852C8E002723F2 /* Login.storyboard */,
				790F255E2891315B00054B54 /* Timer.storyboard */,
				EED801CF2893BD6A006945A2 /* SurfRecord.storyboard */,
				7547FCF8287FECA800A8FA9A /* LaunchScreen.storyboard */,
				7928591E28919D1E0054683A /* TimerButton.swift */,
			);
			path = View;
			sourceTree = "<group>";
		};
		75095775288E8DE300A82F64 /* Controller */ = {
			isa = PBXGroup;
			children = (
				7547FCF1287FECA700A8FA9A /* ViewController.swift */,
				75C0EA3128910BD700A0C213 /* WebViewController.swift */,
				F9CB689A288533F1002723F2 /* LoginViewController.swift */,
				790F25602891317A00054B54 /* TimerViewController.swift */,
				F940EE41288FB7A50090F733 /* SignupViewController.swift */,
				EED801E728941D41006945A2 /* SurfRecordViewController.swift */,
				EED801D32893BE04006945A2 /* SurfDateCollectionViewCell.swift */,
				758718FD28938E990051DB1E /* WeatherTVC.swift */,
				753A009E2893971600186F91 /* PushViewController.swift */,
			);
			path = Controller;
			sourceTree = "<group>";
		};
		7547FCE1287FECA700A8FA9A = {
			isa = PBXGroup;
			children = (
				7547FD0B287FF70F00A8FA9A /* .gitattributes */,
				7547FD09287FF66700A8FA9A /* .gitignore */,
				7547FCEC287FECA700A8FA9A /* shaka */,
				D4B11B4B2896AC4B005F75BA /* shakaWatch */,
				D4B11B592896AC4C005F75BA /* shakaWatch WatchKit Extension */,
				7547FCEB287FECA700A8FA9A /* Products */,
			);
			sourceTree = "<group>";
		};
		7547FCEB287FECA700A8FA9A /* Products */ = {
			isa = PBXGroup;
			children = (
				7547FCEA287FECA700A8FA9A /* shaka.app */,
				D4B11B4A2896AC4B005F75BA /* shakaWatch.app */,
				D4B11B552896AC4C005F75BA /* shakaWatch WatchKit Extension.appex */,
			);
			name = Products;
			sourceTree = "<group>";
		};
		7547FCEC287FECA700A8FA9A /* shaka */ = {
			isa = PBXGroup;
			children = (
				F940EE43289107520090F733 /* Model */,
				75095774288E8DAD00A82F64 /* View */,
				75095775288E8DE300A82F64 /* Controller */,
				EED801EE28950F6A006945A2 /* DataModel */,
				EED801D52893C186006945A2 /* ColorExtension.swift */,
				7547FCED287FECA700A8FA9A /* AppDelegate.swift */,
				7547FCEF287FECA700A8FA9A /* SceneDelegate.swift */,
				F9A7E7EF2889470E00EC6031 /* KeyChain.swift */,
				F940EE46289107DB0090F733 /* APIClient.swift */,
				F9CB689C2885386E002723F2 /* shaka.entitlements */,
				7547FCF6287FECA800A8FA9A /* Assets.xcassets */,
				7547FCFB287FECA800A8FA9A /* Info.plist */,
				EEE91EB428979C1500449283 /* GoogleService-Info.plist */,
				7547FD07287FF58500A8FA9A /* .swiftlint.yml */,
			);
			path = shaka;
			sourceTree = "<group>";
		};
		D4B11B4B2896AC4B005F75BA /* shakaWatch */ = {
			isa = PBXGroup;
			children = (
				D4B11B4C2896AC4B005F75BA /* Interface.storyboard */,
				D4B11B4F2896AC4C005F75BA /* Assets.xcassets */,
			);
			path = shakaWatch;
			sourceTree = "<group>";
		};
		D4B11B592896AC4C005F75BA /* shakaWatch WatchKit Extension */ = {
			isa = PBXGroup;
			children = (
				D4B11B5A2896AC4C005F75BA /* InterfaceController.swift */,
				D4B11B5C2896AC4C005F75BA /* ExtensionDelegate.swift */,
				D4B11B5E2896AC4C005F75BA /* NotificationController.swift */,
				D4B11B602896AC4C005F75BA /* ComplicationController.swift */,
				D4B11B622896AC4C005F75BA /* Assets.xcassets */,
				D4B11B642896AC4D005F75BA /* Info.plist */,
				D4B11B652896AC4D005F75BA /* PushNotificationPayload.apns */,
			);
			path = "shakaWatch WatchKit Extension";
			sourceTree = "<group>";
		};
		EED801EE28950F6A006945A2 /* DataModel */ = {
			isa = PBXGroup;
			children = (
				EED801E928942468006945A2 /* SurfRecordData.swift */,
				EED801EB28942C80006945A2 /* MockData.swift */,
			);
			path = DataModel;
			sourceTree = "<group>";
		};
		F940EE43289107520090F733 /* Model */ = {
			isa = PBXGroup;
			children = (
				F940EE442891076D0090F733 /* User.swift */,
			);
			path = Model;
			sourceTree = "<group>";
		};
/* End PBXGroup section */

/* Begin PBXNativeTarget section */
		7547FCE9287FECA700A8FA9A /* shaka */ = {
			isa = PBXNativeTarget;
			buildConfigurationList = 7547FCFE287FECA800A8FA9A /* Build configuration list for PBXNativeTarget "shaka" */;
			buildPhases = (
				7547FD06287FEF5400A8FA9A /* ShellScript */,
				7547FCE6287FECA700A8FA9A /* Sources */,
				7547FCE7287FECA700A8FA9A /* Frameworks */,
				7547FCE8287FECA700A8FA9A /* Resources */,
				D4B11B692896AC4D005F75BA /* Embed Watch Content */,
			);
			buildRules = (
			);
			dependencies = (
				D4B11B672896AC4D005F75BA /* PBXTargetDependency */,
			);
			name = shaka;
			packageProductDependencies = (
				F940EE3F288FB2A70090F733 /* FirebaseAuth */,
				F940EE492892B2A30090F733 /* FirebaseMessaging */,
				79E3A354289274D5009FD5EF /* FirebaseAuth */,
			);
			productName = shaka;
			productReference = 7547FCEA287FECA700A8FA9A /* shaka.app */;
			productType = "com.apple.product-type.application";
		};
		D4B11B492896AC4B005F75BA /* shakaWatch */ = {
			isa = PBXNativeTarget;
			buildConfigurationList = D4B11B702896AC4D005F75BA /* Build configuration list for PBXNativeTarget "shakaWatch" */;
			buildPhases = (
				D4B11B482896AC4B005F75BA /* Resources */,
				D4B11B6C2896AC4D005F75BA /* Embed App Extensions */,
			);
			buildRules = (
			);
			dependencies = (
				D4B11B582896AC4C005F75BA /* PBXTargetDependency */,
			);
			name = shakaWatch;
			productName = shakaWatch;
			productReference = D4B11B4A2896AC4B005F75BA /* shakaWatch.app */;
			productType = "com.apple.product-type.application.watchapp2";
		};
		D4B11B542896AC4C005F75BA /* shakaWatch WatchKit Extension */ = {
			isa = PBXNativeTarget;
			buildConfigurationList = D4B11B6F2896AC4D005F75BA /* Build configuration list for PBXNativeTarget "shakaWatch WatchKit Extension" */;
			buildPhases = (
				D4B11B512896AC4C005F75BA /* Sources */,
				D4B11B522896AC4C005F75BA /* Frameworks */,
				D4B11B532896AC4C005F75BA /* Resources */,
			);
			buildRules = (
			);
			dependencies = (
			);
			name = "shakaWatch WatchKit Extension";
			productName = "shakaWatch WatchKit Extension";
			productReference = D4B11B552896AC4C005F75BA /* shakaWatch WatchKit Extension.appex */;
			productType = "com.apple.product-type.watchkit2-extension";
		};
/* End PBXNativeTarget section */

/* Begin PBXProject section */
		7547FCE2287FECA700A8FA9A /* Project object */ = {
			isa = PBXProject;
			attributes = {
				BuildIndependentTargetsInParallel = 1;
				LastSwiftUpdateCheck = 1340;
				LastUpgradeCheck = 1340;
				TargetAttributes = {
					7547FCE9287FECA700A8FA9A = {
						CreatedOnToolsVersion = 13.4.1;
					};
					D4B11B492896AC4B005F75BA = {
						CreatedOnToolsVersion = 13.4.1;
					};
					D4B11B542896AC4C005F75BA = {
						CreatedOnToolsVersion = 13.4.1;
					};
				};
			};
			buildConfigurationList = 7547FCE5287FECA700A8FA9A /* Build configuration list for PBXProject "shaka" */;
			compatibilityVersion = "Xcode 13.0";
			developmentRegion = en;
			hasScannedForEncodings = 0;
			knownRegions = (
				en,
				Base,
			);
			mainGroup = 7547FCE1287FECA700A8FA9A;
			packageReferences = (
				F940EE3E288FB2A70090F733 /* XCRemoteSwiftPackageReference "firebase-ios-sdk" */,
				F940EE482892B2A30090F733 /* XCRemoteSwiftPackageReference "firebase-ios-sdk" */,
				79E3A353289274D5009FD5EF /* XCRemoteSwiftPackageReference "firebase-ios-sdk" */,
			);
			productRefGroup = 7547FCEB287FECA700A8FA9A /* Products */;
			projectDirPath = "";
			projectRoot = "";
			targets = (
				7547FCE9287FECA700A8FA9A /* shaka */,
				D4B11B492896AC4B005F75BA /* shakaWatch */,
				D4B11B542896AC4C005F75BA /* shakaWatch WatchKit Extension */,
			);
		};
/* End PBXProject section */

/* Begin PBXResourcesBuildPhase section */
		7547FCE8287FECA700A8FA9A /* Resources */ = {
			isa = PBXResourcesBuildPhase;
			buildActionMask = 2147483647;
			files = (
				7547FD0A287FF66700A8FA9A /* .gitignore in Resources */,
				7547FD0C287FF70F00A8FA9A /* .gitattributes in Resources */,
				EED801D02893BD6A006945A2 /* SurfRecord.storyboard in Resources */,
				F9CB689928852C8E002723F2 /* Login.storyboard in Resources */,
				75C0EA3428926B6B00A0C213 /* WeatherNotification.storyboard in Resources */,
				790F255F2891315B00054B54 /* Timer.storyboard in Resources */,
				7547FD08287FF58500A8FA9A /* .swiftlint.yml in Resources */,
				7547FCFA287FECA800A8FA9A /* LaunchScreen.storyboard in Resources */,
				EEE91EB528979C1500449283 /* GoogleService-Info.plist in Resources */,
				7547FCF7287FECA800A8FA9A /* Assets.xcassets in Resources */,
				7547FCF5287FECA700A8FA9A /* Main.storyboard in Resources */,
			);
			runOnlyForDeploymentPostprocessing = 0;
		};
		D4B11B482896AC4B005F75BA /* Resources */ = {
			isa = PBXResourcesBuildPhase;
			buildActionMask = 2147483647;
			files = (
				D4B11B502896AC4C005F75BA /* Assets.xcassets in Resources */,
				D4B11B4E2896AC4B005F75BA /* Interface.storyboard in Resources */,
			);
			runOnlyForDeploymentPostprocessing = 0;
		};
		D4B11B532896AC4C005F75BA /* Resources */ = {
			isa = PBXResourcesBuildPhase;
			buildActionMask = 2147483647;
			files = (
				D4B11B632896AC4D005F75BA /* Assets.xcassets in Resources */,
			);
			runOnlyForDeploymentPostprocessing = 0;
		};
/* End PBXResourcesBuildPhase section */

/* Begin PBXShellScriptBuildPhase section */
		7547FD06287FEF5400A8FA9A /* ShellScript */ = {
			isa = PBXShellScriptBuildPhase;
			buildActionMask = 2147483647;
			files = (
			);
			inputFileListPaths = (
			);
			inputPaths = (
			);
			outputFileListPaths = (
			);
			outputPaths = (
			);
			runOnlyForDeploymentPostprocessing = 0;
			shellPath = /bin/sh;
			shellScript = "export PATH=\"$PATH:/opt/homebrew/bin\"\n\nif which swiftlint >/dev/null; then\n  swiftlint\nelse\n  echo \"warning: SwiftLint not installed, download from https://github.com/realm/SwiftLint\"\nfi\n";
		};
/* End PBXShellScriptBuildPhase section */

/* Begin PBXSourcesBuildPhase section */
		7547FCE6287FECA700A8FA9A /* Sources */ = {
			isa = PBXSourcesBuildPhase;
			buildActionMask = 2147483647;
			files = (
				F940EE42288FB7A50090F733 /* SignupViewController.swift in Sources */,
				753A009F2893971600186F91 /* PushViewController.swift in Sources */,
				F9CB689B288533F1002723F2 /* LoginViewController.swift in Sources */,
				75C0EA3228910BD700A0C213 /* WebViewController.swift in Sources */,
				7547FCF2287FECA700A8FA9A /* ViewController.swift in Sources */,
				EED801D62893C186006945A2 /* ColorExtension.swift in Sources */,
				758718FE28938E990051DB1E /* WeatherTVC.swift in Sources */,
				F940EE47289107DB0090F733 /* APIClient.swift in Sources */,
				EED801D42893BE04006945A2 /* SurfDateCollectionViewCell.swift in Sources */,
				EED801EA28942468006945A2 /* SurfRecordData.swift in Sources */,
				F9A7E7F02889470E00EC6031 /* KeyChain.swift in Sources */,
				7547FCEE287FECA700A8FA9A /* AppDelegate.swift in Sources */,
				790F25612891317A00054B54 /* TimerViewController.swift in Sources */,
				EED801EC28942C80006945A2 /* MockData.swift in Sources */,
				7547FCF0287FECA700A8FA9A /* SceneDelegate.swift in Sources */,
				EED801E828941D41006945A2 /* SurfRecordViewController.swift in Sources */,
				7928591F28919D1E0054683A /* TimerButton.swift in Sources */,
				F940EE452891076D0090F733 /* User.swift in Sources */,
			);
			runOnlyForDeploymentPostprocessing = 0;
		};
		D4B11B512896AC4C005F75BA /* Sources */ = {
			isa = PBXSourcesBuildPhase;
			buildActionMask = 2147483647;
			files = (
				D4B11B5F2896AC4C005F75BA /* NotificationController.swift in Sources */,
				D4B11B612896AC4C005F75BA /* ComplicationController.swift in Sources */,
				D4B11B5D2896AC4C005F75BA /* ExtensionDelegate.swift in Sources */,
				D4B11B5B2896AC4C005F75BA /* InterfaceController.swift in Sources */,
			);
			runOnlyForDeploymentPostprocessing = 0;
		};
/* End PBXSourcesBuildPhase section */

/* Begin PBXTargetDependency section */
		D4B11B582896AC4C005F75BA /* PBXTargetDependency */ = {
			isa = PBXTargetDependency;
			target = D4B11B542896AC4C005F75BA /* shakaWatch WatchKit Extension */;
			targetProxy = D4B11B572896AC4C005F75BA /* PBXContainerItemProxy */;
		};
		D4B11B672896AC4D005F75BA /* PBXTargetDependency */ = {
			isa = PBXTargetDependency;
			target = D4B11B492896AC4B005F75BA /* shakaWatch */;
			targetProxy = D4B11B662896AC4D005F75BA /* PBXContainerItemProxy */;
		};
/* End PBXTargetDependency section */

/* Begin PBXVariantGroup section */
		7547FCF3287FECA700A8FA9A /* Main.storyboard */ = {
			isa = PBXVariantGroup;
			children = (
				7547FCF4287FECA700A8FA9A /* Base */,
			);
			name = Main.storyboard;
			sourceTree = "<group>";
		};
		7547FCF8287FECA800A8FA9A /* LaunchScreen.storyboard */ = {
			isa = PBXVariantGroup;
			children = (
				7547FCF9287FECA800A8FA9A /* Base */,
			);
			name = LaunchScreen.storyboard;
			sourceTree = "<group>";
		};
		D4B11B4C2896AC4B005F75BA /* Interface.storyboard */ = {
			isa = PBXVariantGroup;
			children = (
				D4B11B4D2896AC4B005F75BA /* Base */,
			);
			name = Interface.storyboard;
			sourceTree = "<group>";
		};
/* End PBXVariantGroup section */

/* Begin XCBuildConfiguration section */
		7547FCFC287FECA800A8FA9A /* Debug */ = {
			isa = XCBuildConfiguration;
			buildSettings = {
				ALWAYS_SEARCH_USER_PATHS = NO;
				CLANG_ANALYZER_NONNULL = YES;
				CLANG_ANALYZER_NUMBER_OBJECT_CONVERSION = YES_AGGRESSIVE;
				CLANG_CXX_LANGUAGE_STANDARD = "gnu++17";
				CLANG_ENABLE_MODULES = YES;
				CLANG_ENABLE_OBJC_ARC = YES;
				CLANG_ENABLE_OBJC_WEAK = YES;
				CLANG_WARN_BLOCK_CAPTURE_AUTORELEASING = YES;
				CLANG_WARN_BOOL_CONVERSION = YES;
				CLANG_WARN_COMMA = YES;
				CLANG_WARN_CONSTANT_CONVERSION = YES;
				CLANG_WARN_DEPRECATED_OBJC_IMPLEMENTATIONS = YES;
				CLANG_WARN_DIRECT_OBJC_ISA_USAGE = YES_ERROR;
				CLANG_WARN_DOCUMENTATION_COMMENTS = YES;
				CLANG_WARN_EMPTY_BODY = YES;
				CLANG_WARN_ENUM_CONVERSION = YES;
				CLANG_WARN_INFINITE_RECURSION = YES;
				CLANG_WARN_INT_CONVERSION = YES;
				CLANG_WARN_NON_LITERAL_NULL_CONVERSION = YES;
				CLANG_WARN_OBJC_IMPLICIT_RETAIN_SELF = YES;
				CLANG_WARN_OBJC_LITERAL_CONVERSION = YES;
				CLANG_WARN_OBJC_ROOT_CLASS = YES_ERROR;
				CLANG_WARN_QUOTED_INCLUDE_IN_FRAMEWORK_HEADER = YES;
				CLANG_WARN_RANGE_LOOP_ANALYSIS = YES;
				CLANG_WARN_STRICT_PROTOTYPES = YES;
				CLANG_WARN_SUSPICIOUS_MOVE = YES;
				CLANG_WARN_UNGUARDED_AVAILABILITY = YES_AGGRESSIVE;
				CLANG_WARN_UNREACHABLE_CODE = YES;
				CLANG_WARN__DUPLICATE_METHOD_MATCH = YES;
				COPY_PHASE_STRIP = NO;
				DEBUG_INFORMATION_FORMAT = dwarf;
				ENABLE_STRICT_OBJC_MSGSEND = YES;
				ENABLE_TESTABILITY = YES;
				GCC_C_LANGUAGE_STANDARD = gnu11;
				GCC_DYNAMIC_NO_PIC = NO;
				GCC_NO_COMMON_BLOCKS = YES;
				GCC_OPTIMIZATION_LEVEL = 0;
				GCC_PREPROCESSOR_DEFINITIONS = (
					"DEBUG=1",
					"$(inherited)",
				);
				GCC_WARN_64_TO_32_BIT_CONVERSION = YES;
				GCC_WARN_ABOUT_RETURN_TYPE = YES_ERROR;
				GCC_WARN_UNDECLARED_SELECTOR = YES;
				GCC_WARN_UNINITIALIZED_AUTOS = YES_AGGRESSIVE;
				GCC_WARN_UNUSED_FUNCTION = YES;
				GCC_WARN_UNUSED_VARIABLE = YES;
				IPHONEOS_DEPLOYMENT_TARGET = 15.5;
				MTL_ENABLE_DEBUG_INFO = INCLUDE_SOURCE;
				MTL_FAST_MATH = YES;
				ONLY_ACTIVE_ARCH = YES;
				SDKROOT = iphoneos;
				SWIFT_ACTIVE_COMPILATION_CONDITIONS = DEBUG;
				SWIFT_OPTIMIZATION_LEVEL = "-Onone";
			};
			name = Debug;
		};
		7547FCFD287FECA800A8FA9A /* Release */ = {
			isa = XCBuildConfiguration;
			buildSettings = {
				ALWAYS_SEARCH_USER_PATHS = NO;
				CLANG_ANALYZER_NONNULL = YES;
				CLANG_ANALYZER_NUMBER_OBJECT_CONVERSION = YES_AGGRESSIVE;
				CLANG_CXX_LANGUAGE_STANDARD = "gnu++17";
				CLANG_ENABLE_MODULES = YES;
				CLANG_ENABLE_OBJC_ARC = YES;
				CLANG_ENABLE_OBJC_WEAK = YES;
				CLANG_WARN_BLOCK_CAPTURE_AUTORELEASING = YES;
				CLANG_WARN_BOOL_CONVERSION = YES;
				CLANG_WARN_COMMA = YES;
				CLANG_WARN_CONSTANT_CONVERSION = YES;
				CLANG_WARN_DEPRECATED_OBJC_IMPLEMENTATIONS = YES;
				CLANG_WARN_DIRECT_OBJC_ISA_USAGE = YES_ERROR;
				CLANG_WARN_DOCUMENTATION_COMMENTS = YES;
				CLANG_WARN_EMPTY_BODY = YES;
				CLANG_WARN_ENUM_CONVERSION = YES;
				CLANG_WARN_INFINITE_RECURSION = YES;
				CLANG_WARN_INT_CONVERSION = YES;
				CLANG_WARN_NON_LITERAL_NULL_CONVERSION = YES;
				CLANG_WARN_OBJC_IMPLICIT_RETAIN_SELF = YES;
				CLANG_WARN_OBJC_LITERAL_CONVERSION = YES;
				CLANG_WARN_OBJC_ROOT_CLASS = YES_ERROR;
				CLANG_WARN_QUOTED_INCLUDE_IN_FRAMEWORK_HEADER = YES;
				CLANG_WARN_RANGE_LOOP_ANALYSIS = YES;
				CLANG_WARN_STRICT_PROTOTYPES = YES;
				CLANG_WARN_SUSPICIOUS_MOVE = YES;
				CLANG_WARN_UNGUARDED_AVAILABILITY = YES_AGGRESSIVE;
				CLANG_WARN_UNREACHABLE_CODE = YES;
				CLANG_WARN__DUPLICATE_METHOD_MATCH = YES;
				COPY_PHASE_STRIP = NO;
				DEBUG_INFORMATION_FORMAT = "dwarf-with-dsym";
				ENABLE_NS_ASSERTIONS = NO;
				ENABLE_STRICT_OBJC_MSGSEND = YES;
				GCC_C_LANGUAGE_STANDARD = gnu11;
				GCC_NO_COMMON_BLOCKS = YES;
				GCC_WARN_64_TO_32_BIT_CONVERSION = YES;
				GCC_WARN_ABOUT_RETURN_TYPE = YES_ERROR;
				GCC_WARN_UNDECLARED_SELECTOR = YES;
				GCC_WARN_UNINITIALIZED_AUTOS = YES_AGGRESSIVE;
				GCC_WARN_UNUSED_FUNCTION = YES;
				GCC_WARN_UNUSED_VARIABLE = YES;
				IPHONEOS_DEPLOYMENT_TARGET = 15.5;
				MTL_ENABLE_DEBUG_INFO = NO;
				MTL_FAST_MATH = YES;
				SDKROOT = iphoneos;
				SWIFT_COMPILATION_MODE = wholemodule;
				SWIFT_OPTIMIZATION_LEVEL = "-O";
				VALIDATE_PRODUCT = YES;
			};
			name = Release;
		};
		7547FCFF287FECA800A8FA9A /* Debug */ = {
			isa = XCBuildConfiguration;
			buildSettings = {
				ASSETCATALOG_COMPILER_APPICON_NAME = AppIcon;
				ASSETCATALOG_COMPILER_GLOBAL_ACCENT_COLOR_NAME = AccentColor;
				CODE_SIGN_ENTITLEMENTS = shaka/shaka.entitlements;
				CODE_SIGN_IDENTITY = "iPhone Developer";
				CODE_SIGN_STYLE = Manual;
				CURRENT_PROJECT_VERSION = 1;
				DEVELOPMENT_TEAM = 5MNSFLP2V9;
				GENERATE_INFOPLIST_FILE = YES;
				INFOPLIST_FILE = shaka/Info.plist;
				INFOPLIST_KEY_UIApplicationSupportsIndirectInputEvents = YES;
				INFOPLIST_KEY_UILaunchStoryboardName = LaunchScreen;
				INFOPLIST_KEY_UIMainStoryboardFile = Main;
				INFOPLIST_KEY_UISupportedInterfaceOrientations_iPad = "UIInterfaceOrientationPortrait UIInterfaceOrientationPortraitUpsideDown UIInterfaceOrientationLandscapeLeft UIInterfaceOrientationLandscapeRight";
				INFOPLIST_KEY_UISupportedInterfaceOrientations_iPhone = "UIInterfaceOrientationPortrait UIInterfaceOrientationLandscapeLeft UIInterfaceOrientationLandscapeRight";
				IPHONEOS_DEPLOYMENT_TARGET = 15.5;
				LD_RUNPATH_SEARCH_PATHS = (
					"$(inherited)",
					"@executable_path/Frameworks",
				);
				MARKETING_VERSION = 1.0;
				PRODUCT_BUNDLE_IDENTIFIER = com.i3e2.shaka;
				PRODUCT_NAME = "$(TARGET_NAME)";
				PROVISIONING_PROFILE_SPECIFIER = ShakaApp;
				SWIFT_EMIT_LOC_STRINGS = YES;
				SWIFT_VERSION = 5.0;
				TARGETED_DEVICE_FAMILY = "1,2";
			};
			name = Debug;
		};
		7547FD00287FECA800A8FA9A /* Release */ = {
			isa = XCBuildConfiguration;
			buildSettings = {
				ASSETCATALOG_COMPILER_APPICON_NAME = AppIcon;
				ASSETCATALOG_COMPILER_GLOBAL_ACCENT_COLOR_NAME = AccentColor;
				CODE_SIGN_ENTITLEMENTS = shaka/shaka.entitlements;
				CODE_SIGN_IDENTITY = "iPhone Developer";
				CODE_SIGN_STYLE = Manual;
				CURRENT_PROJECT_VERSION = 1;
				DEVELOPMENT_TEAM = 5MNSFLP2V9;
				GENERATE_INFOPLIST_FILE = YES;
				INFOPLIST_FILE = shaka/Info.plist;
				INFOPLIST_KEY_UIApplicationSupportsIndirectInputEvents = YES;
				INFOPLIST_KEY_UILaunchStoryboardName = LaunchScreen;
				INFOPLIST_KEY_UIMainStoryboardFile = Main;
				INFOPLIST_KEY_UISupportedInterfaceOrientations_iPad = "UIInterfaceOrientationPortrait UIInterfaceOrientationPortraitUpsideDown UIInterfaceOrientationLandscapeLeft UIInterfaceOrientationLandscapeRight";
				INFOPLIST_KEY_UISupportedInterfaceOrientations_iPhone = "UIInterfaceOrientationPortrait UIInterfaceOrientationLandscapeLeft UIInterfaceOrientationLandscapeRight";
				IPHONEOS_DEPLOYMENT_TARGET = 15.5;
				LD_RUNPATH_SEARCH_PATHS = (
					"$(inherited)",
					"@executable_path/Frameworks",
				);
				MARKETING_VERSION = 1.0;
				PRODUCT_BUNDLE_IDENTIFIER = com.i3e2.shaka;
				PRODUCT_NAME = "$(TARGET_NAME)";
				PROVISIONING_PROFILE_SPECIFIER = ShakaApp;
				SWIFT_EMIT_LOC_STRINGS = YES;
				SWIFT_VERSION = 5.0;
				TARGETED_DEVICE_FAMILY = "1,2";
			};
			name = Release;
		};
		D4B11B6A2896AC4D005F75BA /* Debug */ = {
			isa = XCBuildConfiguration;
			buildSettings = {
				ALWAYS_EMBED_SWIFT_STANDARD_LIBRARIES = YES;
				ASSETCATALOG_COMPILER_APPICON_NAME = AppIcon;
				ASSETCATALOG_COMPILER_GLOBAL_ACCENT_COLOR_NAME = AccentColor;
				CODE_SIGN_IDENTITY = "iPhone Developer";
				CODE_SIGN_STYLE = Automatic;
				CURRENT_PROJECT_VERSION = 1;
				DEVELOPMENT_TEAM = 5MNSFLP2V9;
				GENERATE_INFOPLIST_FILE = YES;
				IBSC_MODULE = shakaWatch_WatchKit_Extension;
				INFOPLIST_KEY_CFBundleDisplayName = shakaWatch;
				INFOPLIST_KEY_UISupportedInterfaceOrientations = "UIInterfaceOrientationPortrait UIInterfaceOrientationPortraitUpsideDown";
				INFOPLIST_KEY_WKCompanionAppBundleIdentifier = com.i3e2.shaka;
				MARKETING_VERSION = 1.0;
				PRODUCT_BUNDLE_IDENTIFIER = com.i3e2.shaka.watchkitapp;
				PRODUCT_NAME = "$(TARGET_NAME)";
				SDKROOT = watchos;
				SKIP_INSTALL = YES;
				SWIFT_EMIT_LOC_STRINGS = YES;
				SWIFT_VERSION = 5.0;
				TARGETED_DEVICE_FAMILY = 4;
				WATCHOS_DEPLOYMENT_TARGET = 8.5;
			};
			name = Debug;
		};
		D4B11B6B2896AC4D005F75BA /* Release */ = {
			isa = XCBuildConfiguration;
			buildSettings = {
				ALWAYS_EMBED_SWIFT_STANDARD_LIBRARIES = YES;
				ASSETCATALOG_COMPILER_APPICON_NAME = AppIcon;
				ASSETCATALOG_COMPILER_GLOBAL_ACCENT_COLOR_NAME = AccentColor;
				CODE_SIGN_IDENTITY = "iPhone Developer";
				CODE_SIGN_STYLE = Automatic;
				CURRENT_PROJECT_VERSION = 1;
				DEVELOPMENT_TEAM = 5MNSFLP2V9;
				GENERATE_INFOPLIST_FILE = YES;
				IBSC_MODULE = shakaWatch_WatchKit_Extension;
				INFOPLIST_KEY_CFBundleDisplayName = shakaWatch;
				INFOPLIST_KEY_UISupportedInterfaceOrientations = "UIInterfaceOrientationPortrait UIInterfaceOrientationPortraitUpsideDown";
				INFOPLIST_KEY_WKCompanionAppBundleIdentifier = com.i3e2.shaka;
				MARKETING_VERSION = 1.0;
				PRODUCT_BUNDLE_IDENTIFIER = com.i3e2.shaka.watchkitapp;
				PRODUCT_NAME = "$(TARGET_NAME)";
				SDKROOT = watchos;
				SKIP_INSTALL = YES;
				SWIFT_EMIT_LOC_STRINGS = YES;
				SWIFT_VERSION = 5.0;
				TARGETED_DEVICE_FAMILY = 4;
				WATCHOS_DEPLOYMENT_TARGET = 8.5;
			};
			name = Release;
		};
		D4B11B6D2896AC4D005F75BA /* Debug */ = {
			isa = XCBuildConfiguration;
			buildSettings = {
				ASSETCATALOG_COMPILER_COMPLICATION_NAME = Complication;
				CODE_SIGN_STYLE = Automatic;
				CURRENT_PROJECT_VERSION = 1;
				GENERATE_INFOPLIST_FILE = YES;
				INFOPLIST_FILE = "shakaWatch WatchKit Extension/Info.plist";
				INFOPLIST_KEY_CFBundleDisplayName = "shakaWatch WatchKit Extension";
				INFOPLIST_KEY_CLKComplicationPrincipalClass = "$(PRODUCT_MODULE_NAME).ComplicationController";
				INFOPLIST_KEY_NSHumanReadableCopyright = "";
				INFOPLIST_KEY_WKExtensionDelegateClassName = "$(PRODUCT_MODULE_NAME).ExtensionDelegate";
				LD_RUNPATH_SEARCH_PATHS = (
					"$(inherited)",
					"@executable_path/Frameworks",
					"@executable_path/../../Frameworks",
				);
				MARKETING_VERSION = 1.0;
				PRODUCT_BUNDLE_IDENTIFIER = com.i3e2.shaka.watchkitapp.watchkitextension;
				PRODUCT_NAME = "${TARGET_NAME}";
				SDKROOT = watchos;
				SKIP_INSTALL = YES;
				SWIFT_EMIT_LOC_STRINGS = YES;
				SWIFT_VERSION = 5.0;
				TARGETED_DEVICE_FAMILY = 4;
				WATCHOS_DEPLOYMENT_TARGET = 8.5;
			};
			name = Debug;
		};
		D4B11B6E2896AC4D005F75BA /* Release */ = {
			isa = XCBuildConfiguration;
			buildSettings = {
				ASSETCATALOG_COMPILER_COMPLICATION_NAME = Complication;
				CODE_SIGN_STYLE = Automatic;
				CURRENT_PROJECT_VERSION = 1;
				GENERATE_INFOPLIST_FILE = YES;
				INFOPLIST_FILE = "shakaWatch WatchKit Extension/Info.plist";
				INFOPLIST_KEY_CFBundleDisplayName = "shakaWatch WatchKit Extension";
				INFOPLIST_KEY_CLKComplicationPrincipalClass = "$(PRODUCT_MODULE_NAME).ComplicationController";
				INFOPLIST_KEY_NSHumanReadableCopyright = "";
				INFOPLIST_KEY_WKExtensionDelegateClassName = "$(PRODUCT_MODULE_NAME).ExtensionDelegate";
				LD_RUNPATH_SEARCH_PATHS = (
					"$(inherited)",
					"@executable_path/Frameworks",
					"@executable_path/../../Frameworks",
				);
				MARKETING_VERSION = 1.0;
				PRODUCT_BUNDLE_IDENTIFIER = com.i3e2.shaka.watchkitapp.watchkitextension;
				PRODUCT_NAME = "${TARGET_NAME}";
				SDKROOT = watchos;
				SKIP_INSTALL = YES;
				SWIFT_EMIT_LOC_STRINGS = YES;
				SWIFT_VERSION = 5.0;
				TARGETED_DEVICE_FAMILY = 4;
				WATCHOS_DEPLOYMENT_TARGET = 8.5;
			};
			name = Release;
		};
/* End XCBuildConfiguration section */

/* Begin XCConfigurationList section */
		7547FCE5287FECA700A8FA9A /* Build configuration list for PBXProject "shaka" */ = {
			isa = XCConfigurationList;
			buildConfigurations = (
				7547FCFC287FECA800A8FA9A /* Debug */,
				7547FCFD287FECA800A8FA9A /* Release */,
			);
			defaultConfigurationIsVisible = 0;
			defaultConfigurationName = Release;
		};
		7547FCFE287FECA800A8FA9A /* Build configuration list for PBXNativeTarget "shaka" */ = {
			isa = XCConfigurationList;
			buildConfigurations = (
				7547FCFF287FECA800A8FA9A /* Debug */,
				7547FD00287FECA800A8FA9A /* Release */,
			);
			defaultConfigurationIsVisible = 0;
			defaultConfigurationName = Release;
		};
		D4B11B6F2896AC4D005F75BA /* Build configuration list for PBXNativeTarget "shakaWatch WatchKit Extension" */ = {
			isa = XCConfigurationList;
			buildConfigurations = (
				D4B11B6D2896AC4D005F75BA /* Debug */,
				D4B11B6E2896AC4D005F75BA /* Release */,
			);
			defaultConfigurationIsVisible = 0;
			defaultConfigurationName = Release;
		};
		D4B11B702896AC4D005F75BA /* Build configuration list for PBXNativeTarget "shakaWatch" */ = {
			isa = XCConfigurationList;
			buildConfigurations = (
				D4B11B6A2896AC4D005F75BA /* Debug */,
				D4B11B6B2896AC4D005F75BA /* Release */,
			);
			defaultConfigurationIsVisible = 0;
			defaultConfigurationName = Release;
		};
/* End XCConfigurationList section */

/* Begin XCRemoteSwiftPackageReference section */
		79E3A353289274D5009FD5EF /* XCRemoteSwiftPackageReference "firebase-ios-sdk" */ = {
			isa = XCRemoteSwiftPackageReference;
			repositoryURL = "https://github.com/firebase/firebase-ios-sdk";
			requirement = {
				kind = upToNextMajorVersion;
				minimumVersion = 9.0.0;
			};
		};
		F940EE3E288FB2A70090F733 /* XCRemoteSwiftPackageReference "firebase-ios-sdk" */ = {
			isa = XCRemoteSwiftPackageReference;
			repositoryURL = "https://github.com/firebase/firebase-ios-sdk.git";
			requirement = {
				branch = master;
				kind = branch;
			};
		};
		F940EE482892B2A30090F733 /* XCRemoteSwiftPackageReference "firebase-ios-sdk" */ = {
			isa = XCRemoteSwiftPackageReference;
			repositoryURL = "https://github.com/firebase/firebase-ios-sdk.git";
			requirement = {
				branch = master;
				kind = branch;
			};
		};
/* End XCRemoteSwiftPackageReference section */

/* Begin XCSwiftPackageProductDependency section */
		79E3A354289274D5009FD5EF /* FirebaseAuth */ = {
			isa = XCSwiftPackageProductDependency;
			package = 79E3A353289274D5009FD5EF /* XCRemoteSwiftPackageReference "firebase-ios-sdk" */;
			productName = FirebaseAuth;
		};
		F940EE3F288FB2A70090F733 /* FirebaseAuth */ = {
			isa = XCSwiftPackageProductDependency;
			package = F940EE3E288FB2A70090F733 /* XCRemoteSwiftPackageReference "firebase-ios-sdk" */;
			productName = FirebaseAuth;
		};
		F940EE492892B2A30090F733 /* FirebaseMessaging */ = {
			isa = XCSwiftPackageProductDependency;
			package = F940EE3E288FB2A70090F733 /* XCRemoteSwiftPackageReference "firebase-ios-sdk" */;
			productName = FirebaseMessaging;
		};
/* End XCSwiftPackageProductDependency section */
	};
	rootObject = 7547FCE2287FECA700A8FA9A /* Project object */;
}
